
// !$*UTF8*$!
{
	archiveVersion = 1;
	classes = {
	};
	objectVersion = 46;
	objects = {

/* Begin PBXBuildFile section */
		208A51651AF661310070D348 /* AppDelegate.m in Sources */ = {isa = PBXBuildFile; fileRef = 208A51641AF661310070D348 /* AppDelegate.m */; };
		208A51671AF661310070D348 /* main.m in Sources */ = {isa = PBXBuildFile; fileRef = 208A51661AF661310070D348 /* main.m */; };
		208A51691AF661310070D348 /* Images.xcassets in Resources */ = {isa = PBXBuildFile; fileRef = 208A51681AF661310070D348 /* Images.xcassets */; };
		208A516C1AF661310070D348 /* MainMenu.xib in Resources */ = {isa = PBXBuildFile; fileRef = 208A516A1AF661310070D348 /* MainMenu.xib */; };
		208A51781AF661310070D348 /* TextManipul80Tests.m in Sources */ = {isa = PBXBuildFile; fileRef = 208A51771AF661310070D348 /* TextManipul80Tests.m */; };
/* End PBXBuildFile section */

/* Begin PBXContainerItemProxy section */
		208A51721AF661310070D348 /* PBXContainerItemProxy */ = {
			isa = PBXContainerItemProxy;
			containerPortal = 208A51561AF661310070D348 /* Project object */;
			proxyType = 1;
			remoteGlobalIDString = 208A515D1AF661310070D348;
			remoteInfo = TextManipul80;
		};
/* End PBXContainerItemProxy section */

/* Begin PBXFileReference section */
		208A515E1AF661310070D348 /* TextManipul80.app */ = {isa = PBXFileReference; explicitFileType = wrapper.application; includeInIndex = 0; path = TextManipul80.app; sourceTree = BUILT_PRODUCTS_DIR; };
		208A51621AF661310070D348 /* Info.plist */ = {isa = PBXFileReference; lastKnownFileType = text.plist.xml; path = Info.plist; sourceTree = "<group>"; };
		208A51631AF661310070D348 /* AppDelegate.h */ = {isa = PBXFileReference; lastKnownFileType = sourcecode.c.h; path = AppDelegate.h; sourceTree = "<group>"; };
		208A51641AF661310070D348 /* AppDelegate.m */ = {isa = PBXFileReference; lastKnownFileType = sourcecode.c.objc; path = AppDelegate.m; sourceTree = "<group>"; };
		208A51661AF661310070D348 /* main.m */ = {isa = PBXFileReference; lastKnownFileType = sourcecode.c.objc; path = main.m; sourceTree = "<group>"; };
		208A51681AF661310070D348 /* Images.xcassets */ = {isa = PBXFileReference; lastKnownFileType = folder.assetcatalog; path = Images.xcassets; sourceTree = "<group>"; };
		208A516B1AF661310070D348 /* Base */ = {isa = PBXFileReference; lastKnownFileType = file.xib; name = Base; path = Base.lproj/MainMenu.xib; sourceTree = "<group>"; };
		208A51711AF661310070D348 /* TextManipul80Tests.xctest */ = {isa = PBXFileReference; explicitFileType = wrapper.cfbundle; includeInIndex = 0; path = TextManipul80Tests.xctest; sourceTree = BUILT_PRODUCTS_DIR; };
		208A51761AF661310070D348 /* Info.plist */ = {isa = PBXFileReference; lastKnownFileType = text.plist.xml; path = Info.plist; sourceTree = "<group>"; };
		208A51771AF661310070D348 /* TextManipul80Tests.m */ = {isa = PBXFileReference; lastKnownFileType = sourcecode.c.objc; path = TextManipul80Tests.m; sourceTree = "<group>"; };
/* End PBXFileReference section */

/* Begin PBXFrameworksBuildPhase section */
		208A515B1AF661310070D348 /* Frameworks */ = {
			isa = PBXFrameworksBuildPhase;
			buildActionMask = 2147483647;
			files = (
			);
			runOnlyForDeploymentPostprocessing = 0;
		};
		208A516E1AF661310070D348 /* Frameworks */ = {
			isa = PBXFrameworksBuildPhase;
			buildActionMask = 2147483647;
			files = (
			);
			runOnlyForDeploymentPostprocessing = 0;
		};
/* End PBXFrameworksBuildPhase section */

/* Begin PBXGroup section */
		208A51551AF661310070D348 = {
			isa = PBXGroup;
			children = (
				208A51601AF661310070D348 /* TextManipul80 */,
				208A51741AF661310070D348 /* TextManipul80Tests */,
				208A515F1AF661310070D348 /* Products */,
			);
			sourceTree = "<group>";
		};
		208A515F1AF661310070D348 /* Products */ = {
			isa = PBXGroup;
			children = (
				208A515E1AF661310070D348 /* TextManipul80.app */,
				208A51711AF661310070D348 /* TextManipul80Tests.xctest */,
			);
			name = Products;
			sourceTree = "<group>";
		};
		208A51601AF661310070D348 /* TextManipul80 */ = {
			isa = PBXGroup;
			children = (
				208A51631AF661310070D348 /* AppDelegate.h */,
				208A51641AF661310070D348 /* AppDelegate.m */,
				208A51681AF661310070D348 /* Images.xcassets */,
				208A516A1AF661310070D348 /* MainMenu.xib */,
				208A51611AF661310070D348 /* Supporting Files */,
			);
			name = TextManipul80;
			path = TextManipul80;
			sourceTree = "<group>";
		};
		208A51611AF661310070D348 /* Supporting Files */ = {
			isa = PBXGroup;
			children = (
				208A51621AF661310070D348 /* Info.plist */,
				208A51661AF661310070D348 /* main.m */,
			);
			name = "Supporting Files";
			sourceTree = "<group>";
		};
		208A51741AF661310070D348 /* TextManipul80Tests */ = {
			isa = PBXGroup;
			children = (
				208A51771AF661310070D348 /* TextManipul80Tests.m */,
				208A51751AF661310070D348 /* Supporting Files */,
			);
			name = TextManipul80Tests;
			path = TextManipul80Tests;
			sourceTree = "<group>";
		};
		208A51751AF661310070D348 /* Supporting Files */ = {
			isa = PBXGroup;
			children = (
				208A51761AF661310070D348 /* Info.plist */,
			);
			name = "Supporting Files";
			sourceTree = "<group>";
		};
/* End PBXGroup section */

/* Begin PBXNativeTarget section */
		208A515D1AF661310070D348 /* TextManipul80 */ = {
			isa = PBXNativeTarget;
			buildConfigurationList = 208A517B1AF661310070D348 /* Build configuration list for PBXNativeTarget "TextManipul80" */;
			buildPhases = (
				208A515A1AF661310070D348 /* Sources */,
				208A515B1AF661310070D348 /* Frameworks */,
				208A515C1AF661310070D348 /* Resources */,
			);
			buildRules = (
			);
			dependencies = (
			);
			name = TextManipul80;
			productName = TextManipul80;
			productReference = 208A515E1AF661310070D348 /* TextManipul80.app */;
			productType = "com.apple.product-type.application";
		};
		208A51701AF661310070D348 /* TextManipul80Tests */ = {
			isa = PBXNativeTarget;
			buildConfigurationList = 208A517E1AF661310070D348 /* Build configuration list for PBXNativeTarget "TextManipul80Tests" */;
			buildPhases = (
				208A516D1AF661310070D348 /* Sources */,
				208A516E1AF661310070D348 /* Frameworks */,
				208A516F1AF661310070D348 /* Resources */,
			);
			buildRules = (
			);
			dependencies = (
				208A51731AF661310070D348 /* PBXTargetDependency */,
			);
			name = TextManipul80Tests;
			productName = TextManipul80Tests;
			productReference = 208A51711AF661310070D348 /* TextManipul80Tests.xctest */;
			productType = "com.apple.product-type.bundle.unit-test";
		};
/* End PBXNativeTarget section */

/* Begin PBXProject section */
		208A51561AF661310070D348 /* Project object */ = {
			isa = PBXProject;
			attributes = {
				LastUpgradeCheck = 0630;
				ORGANIZATIONNAME = kode80;
				TargetAttributes = {
					208A515D1AF661310070D348 = {
						CreatedOnToolsVersion = 6.3.1;
					};
					208A51701AF661310070D348 = {
						CreatedOnToolsVersion = 6.3.1;
						TestTargetID = 208A515D1AF661310070D348;
					};
				};
			};
			buildConfigurationList = 208A51591AF661310070D348 /* Build configuration list for PBXProject "TextManipul80" */;
			compatibilityVersion = "Xcode 3.2";
			developmentRegion = English;
			hasScannedForEncodings = 0;
			knownRegions = (
				en,
				Base,
			);
			mainGroup = 208A51551AF661310070D348;
			productRefGroup = 208A515F1AF661310070D348 /* Products */;
			projectDirPath = "";
			projectRoot = "";
			targets = (
				208A515D1AF661310070D348 /* TextManipul80 */,
				208A51701AF661310070D348 /* TextManipul80Tests */,
			);
		};
/* End PBXProject section */

/* Begin PBXResourcesBuildPhase section */
		208A515C1AF661310070D348 /* Resources */ = {
			isa = PBXResourcesBuildPhase;
			buildActionMask = 2147483647;
			files = (
				208A51691AF661310070D348 /* Images.xcassets in Resources */,
				208A516C1AF661310070D348 /* MainMenu.xib in Resources */,
			);
			runOnlyForDeploymentPostprocessing = 0;
		};
		208A516F1AF661310070D348 /* Resources */ = {
			isa = PBXResourcesBuildPhase;
			buildActionMask = 2147483647;
			files = (
			);
			runOnlyForDeploymentPostprocessing = 0;
		};
/* End PBXResourcesBuildPhase section */

/* Begin PBXSourcesBuildPhase section */
		208A515A1AF661310070D348 /* Sources */ = {
			isa = PBXSourcesBuildPhase;
			buildActionMask = 2147483647;
			files = (
				208A51671AF661310070D348 /* main.m in Sources */,
				208A51651AF661310070D348 /* AppDelegate.m in Sources */,
			);
			runOnlyForDeploymentPostprocessing = 0;
		};
		208A516D1AF661310070D348 /* Sources */ = {
			isa = PBXSourcesBuildPhase;
			buildActionMask = 2147483647;
			files = (
				208A51781AF661310070D348 /* TextManipul80Tests.m in Sources */,
			);
			runOnlyForDeploymentPostprocessing = 0;
		};
/* End PBXSourcesBuildPhase section */

/* Begin PBXTargetDependency section */
		208A51731AF661310070D348 /* PBXTargetDependency */ = {
			isa = PBXTargetDependency;
			target = 208A515D1AF661310070D348 /* TextManipul80 */;
			targetProxy = 208A51721AF661310070D348 /* PBXContainerItemProxy */;
		};
/* End PBXTargetDependency section */

/* Begin PBXVariantGroup section */
		208A516A1AF661310070D348 /* MainMenu.xib */ = {
			isa = PBXVariantGroup;
			children = (
				208A516B1AF661310070D348 /* Base */,
			);
			name = MainMenu.xib;
			sourceTree = "<group>";
		};
/* End PBXVariantGroup section */

/* Begin XCBuildConfiguration section */
		208A51791AF661310070D348 /* Debug */ = {
			isa = XCBuildConfiguration;
			buildSettings = {
				ALWAYS_SEARCH_USER_PATHS = NO;
				CLANG_CXX_LANGUAGE_STANDARD = "gnu++0x";
				CLANG_CXX_LIBRARY = "libc++";
				CLANG_ENABLE_MODULES = YES;
				CLANG_ENABLE_OBJC_ARC = YES;
				CLANG_WARN_BOOL_CONVERSION = YES;
				CLANG_WARN_CONSTANT_CONVERSION = YES;
				CLANG_WARN_DIRECT_OBJC_ISA_USAGE = YES_ERROR;
				CLANG_WARN_EMPTY_BODY = YES;
				CLANG_WARN_ENUM_CONVERSION = YES;
				CLANG_WARN_INT_CONVERSION = YES;
				CLANG_WARN_OBJC_ROOT_CLASS = YES_ERROR;
				CLANG_WARN_UNREACHABLE_CODE = YES;
				CLANG_WARN__DUPLICATE_METHOD_MATCH = YES;
				CODE_SIGN_IDENTITY = "-";
				COPY_PHASE_STRIP = NO;
				DEBUG_INFORMATION_FORMAT = dwarf;
				ENABLE_STRICT_OBJC_MSGSEND = YES;
				GCC_C_LANGUAGE_STANDARD = gnu99;
				GCC_DYNAMIC_NO_PIC = NO;
				GCC_NO_COMMON_BLOCKS = YES;
				GCC_OPTIMIZATION_LEVEL = 0;
				GCC_PREPROCESSOR_DEFINITIONS = (
					"DEBUG=1",
					"$(inherited)",
				);
				GCC_SYMBOLS_PRIVATE_EXTERN = NO;
				GCC_WARN_64_TO_32_BIT_CONVERSION = YES;
				GCC_WARN_ABOUT_RETURN_TYPE = YES_ERROR;
				GCC_WARN_UNDECLARED_SELECTOR = YES;
				GCC_WARN_UNINITIALIZED_AUTOS = YES_AGGRESSIVE;
				GCC_WARN_UNUSED_FUNCTION = YES;
				GCC_WARN_UNUSED_VARIABLE = YES;
				MACOSX_DEPLOYMENT_TARGET = 10.10;
				MTL_ENABLE_DEBUG_INFO = YES;
				ONLY_ACTIVE_ARCH = YES;
				SDKROOT = macosx;
			};
			name = Debug;
		};
		208A517A1AF661310070D348 /* Release */ = {
			isa = XCBuildConfiguration;
			buildSettings = {
				ALWAYS_SEARCH_USER_PATHS = NO;
				CLANG_CXX_LANGUAGE_STANDARD = "gnu++0x";
				CLANG_CXX_LIBRARY = "libc++";
				CLANG_ENABLE_MODULES = YES;
				CLANG_ENABLE_OBJC_ARC = YES;
				CLANG_WARN_BOOL_CONVERSION = YES;
				CLANG_WARN_CONSTANT_CONVERSION = YES;
				CLANG_WARN_DIRECT_OBJC_ISA_USAGE = YES_ERROR;
				CLANG_WARN_EMPTY_BODY = YES;
				CLANG_WARN_ENUM_CONVERSION = YES;
				CLANG_WARN_INT_CONVERSION = YES;
				CLANG_WARN_OBJC_ROOT_CLASS = YES_ERROR;
				CLANG_WARN_UNREACHABLE_CODE = YES;
				CLANG_WARN__DUPLICATE_METHOD_MATCH = YES;
				CODE_SIGN_IDENTITY = "-";
				COPY_PHASE_STRIP = NO;
				DEBUG_INFORMATION_FORMAT = "dwarf-with-dsym";
				ENABLE_NS_ASSERTIONS = NO;
				ENABLE_STRICT_OBJC_MSGSEND = YES;
				GCC_C_LANGUAGE_STANDARD = gnu99;
				GCC_NO_COMMON_BLOCKS = YES;
				GCC_WARN_64_TO_32_BIT_CONVERSION = YES;
				GCC_WARN_ABOUT_RETURN_TYPE = YES_ERROR;
				GCC_WARN_UNDECLARED_SELECTOR = YES;
				GCC_WARN_UNINITIALIZED_AUTOS = YES_AGGRESSIVE;
				GCC_WARN_UNUSED_FUNCTION = YES;
				GCC_WARN_UNUSED_VARIABLE = YES;
				MACOSX_DEPLOYMENT_TARGET = 10.10;
				MTL_ENABLE_DEBUG_INFO = NO;
				SDKROOT = macosx;
			};
			name = Release;
		};
		208A517C1AF661310070D348 /* Debug */ = {
			isa = XCBuildConfiguration;
			buildSettings = {
				ASSETCATALOG_COMPILER_APPICON_NAME = AppIcon;
				COMBINE_HIDPI_IMAGES = YES;
				INFOPLIST_FILE = TextManipul80/Info.plist;
				LD_RUNPATH_SEARCH_PATHS = "$(inherited) @executable_path/../Frameworks";
				PRODUCT_NAME = "$(TARGET_NAME)";
			};
			name = Debug;
		};
		208A517D1AF661310070D348 /* Release */ = {
			isa = XCBuildConfiguration;
			buildSettings = {
				ASSETCATALOG_COMPILER_APPICON_NAME = AppIcon;
				COMBINE_HIDPI_IMAGES = YES;
				INFOPLIST_FILE = TextManipul80/Info.plist;
				LD_RUNPATH_SEARCH_PATHS = "$(inherited) @executable_path/../Frameworks";
				PRODUCT_NAME = "$(TARGET_NAME)";
			};
			name = Release;
		};
		208A517F1AF661310070D348 /* Debug */ = {
			isa = XCBuildConfiguration;
			buildSettings = {
				BUNDLE_LOADER = "$(TEST_HOST)";
				COMBINE_HIDPI_IMAGES = YES;
				FRAMEWORK_SEARCH_PATHS = (
					"$(DEVELOPER_FRAMEWORKS_DIR)",
					"$(inherited)",
				);
				GCC_PREPROCESSOR_DEFINITIONS = (
					"DEBUG=1",
					"$(inherited)",
				);
				INFOPLIST_FILE = TextManipul80Tests/Info.plist;
				LD_RUNPATH_SEARCH_PATHS = "$(inherited) @executable_path/../Frameworks @loader_path/../Frameworks";
				PRODUCT_NAME = "$(TARGET_NAME)";
				TEST_HOST = "$(BUILT_PRODUCTS_DIR)/TextManipul80.app/Contents/MacOS/TextManipul80";
			};
			name = Debug;
		};
		208A51801AF661310070D348 /* Release */ = {
			isa = XCBuildConfiguration;
			buildSettings = {
				BUNDLE_LOADER = "$(TEST_HOST)";
				COMBINE_HIDPI_IMAGES = YES;
				FRAMEWORK_SEARCH_PATHS = (
					"$(DEVELOPER_FRAMEWORKS_DIR)",
					"$(inherited)",
				);
				INFOPLIST_FILE = TextManipul80Tests/Info.plist;
				LD_RUNPATH_SEARCH_PATHS = "$(inherited) @executable_path/../Frameworks @loader_path/../Frameworks";
				PRODUCT_NAME = "$(TARGET_NAME)";
				TEST_HOST = "$(BUILT_PRODUCTS_DIR)/TextManipul80.app/Contents/MacOS/TextManipul80";
			};
			name = Release;
		};
/* End XCBuildConfiguration section */

/* Begin XCConfigurationList section */
		208A51591AF661310070D348 /* Build configuration list for PBXProject "TextManipul80" */ = {
			isa = XCConfigurationList;
			buildConfigurations = (
				208A51791AF661310070D348 /* Debug */,
				208A517A1AF661310070D348 /* Release */,
			);
			defaultConfigurationIsVisible = 0;
			defaultConfigurationName = Release;
		};
		208A517B1AF661310070D348 /* Build configuration list for PBXNativeTarget "TextManipul80" */ = {
			isa = XCConfigurationList;
			buildConfigurations = (
				208A517C1AF661310070D348 /* Debug */,
				208A517D1AF661310070D348 /* Release */,
			);
			defaultConfigurationIsVisible = 0;
			defaultConfigurationName = Release;
		};
		208A517E1AF661310070D348 /* Build configuration list for PBXNativeTarget "TextManipul80Tests" */ = {
			isa = XCConfigurationList;
			buildConfigurations = (
				208A517F1AF661310070D348 /* Debug */,
				208A51801AF661310070D348 /* Release */,
			);
			defaultConfigurationIsVisible = 0;
			defaultConfigurationName = Release;
		};
/* End XCConfigurationList section */
	};
	rootObject = 208A51561AF661310070D348 /* Project object */;
}
